<?xml version="1.0" encoding="utf-8"?>
<Project ToolsVersion="4.0" xmlns="http://schemas.microsoft.com/developer/msbuild/2003">
  <ItemGroup>
    <Filter Include="Source Files">
      <UniqueIdentifier>{4FC737F1-C7A5-4376-A066-2A32D752A2FF}</UniqueIdentifier>
      <Extensions>cpp;c;cc;cxx;def;odl;idl;hpj;bat;asm;asmx</Extensions>
    </Filter>
    <Filter Include="Header Files">
      <UniqueIdentifier>{93995380-89BD-4b04-88EB-625FBE52EBFB}</UniqueIdentifier>
      <Extensions>h;hh;hpp;hxx;hm;inl;inc;xsd</Extensions>
    </Filter>
    <Filter Include="Resource Files">
      <UniqueIdentifier>{67DA6AB6-F800-4c08-8B7A-83BB121AAD01}</UniqueIdentifier>
      <Extensions>rc;ico;cur;bmp;dlg;rc2;rct;bin;rgs;gif;jpg;jpeg;jpe;resx;tiff;tif;png;wav;mfcribbon-ms</Extensions>
    </Filter>
    <Filter Include="Form Files">
      <UniqueIdentifier>{99349809-55BA-4b9d-BF79-8FDBB0286EB3}</UniqueIdentifier>
      <Extensions>ui</Extensions>
    </Filter>
    <Filter Include="Resource Files">
      <UniqueIdentifier>{D9D6E242-F8AF-46E4-B9FD-80ECBC20BA3E}</UniqueIdentifier>
      <Extensions>qrc;*</Extensions>
      <ParseFiles>false</ParseFiles>
    </Filter>
  </ItemGroup>
  <ItemGroup>
    <QtRcc Include="qgisDemo.qrc">
      <Filter>Resource Files</Filter>
    </QtRcc>
    <QtUic Include="qgisDemo.ui">
      <Filter>Resource Files</Filter>
    </QtUic>
    <QtMoc Include="qgisDemo.h">
      <Filter>Header Files</Filter>
    </QtMoc>
    <ClCompile Include="qgisDemo.cpp">
      <Filter>Source Files</Filter>
    </ClCompile>
    <QtRcc Include="Resource.qrc" />
  </ItemGroup>
  <ItemGroup>
    <ClCompile Include="main.cpp">
      <Filter>Source Files</Filter>
    </ClCompile>
    <ClCompile Include="addfeature.cpp">
      <Filter>Source Files</Filter>
    </ClCompile>
    <ClCompile Include="toolbar.cpp">
      <Filter>Source Files</Filter>
    </ClCompile>
    <ClCompile Include="classmangement.cpp">
      <Filter>Source Files</Filter>
    </ClCompile>
    <ClCompile Include="opensample.cpp">
      <Filter>Source Files</Filter>
    </ClCompile>
    <ClCompile Include="right.cpp">
      <Filter>Source Files</Filter>
    </ClCompile>
    <ClCompile Include="majority.cpp">
      <Filter>Source Files</Filter>
    </ClCompile>
    <ClCompile Include="randomforest.cpp">
      <Filter>Source Files</Filter>
    </ClCompile>
    <ClCompile Include="node.cpp">
      <Filter>Source Files</Filter>
    </ClCompile>
    <ClCompile Include="tree.cpp">
      <Filter>Source Files</Filter>
    </ClCompile>
    <ClCompile Include="progress.cpp">
      <Filter>Source Files</Filter>
    </ClCompile>
    <ClCompile Include="buildPyramid.cpp">
      <Filter>Source Files</Filter>
    </ClCompile>
    <ClCompile Include="Moravecui.cpp">
      <Filter>Source Files</Filter>
    </ClCompile>
    <ClCompile Include="pipei.cpp">
      <Filter>Source Files</Filter>
    </ClCompile>
  </ItemGroup>
  <ItemGroup>
    <QtMoc Include="toolbar.h">
      <Filter>Header Files</Filter>
    </QtMoc>
    <QtMoc Include="addfeature.h">
      <Filter>Header Files</Filter>
    </QtMoc>
    <QtMoc Include="classmangement.h">
      <Filter>Header Files</Filter>
    </QtMoc>
    <QtMoc Include="opensample.h">
      <Filter>Header Files</Filter>
    </QtMoc>
    <QtMoc Include="right.h">
      <Filter>Header Files</Filter>
    </QtMoc>
    <QtMoc Include="majority.h">
      <Filter>Header Files</Filter>
    </QtMoc>
    <QtMoc Include="progress.h">
      <Filter>Header Files</Filter>
    </QtMoc>
    <QtMoc Include="randomforest.h">
      <Filter>Header Files</Filter>
    </QtMoc>
    <QtMoc Include="buildPyramid.h">
      <Filter>Header Files</Filter>
    </QtMoc>
    <QtMoc Include="Moravecui.h">
      <Filter>Header Files</Filter>
    </QtMoc>
    <QtMoc Include="pipei.h">
      <Filter>Header Files</Filter>
    </QtMoc>
  </ItemGroup>
  <ItemGroup>
    <QtUic Include="toolbar.ui">
      <Filter>Form Files</Filter>
    </QtUic>
    <QtUic Include="classmangement.ui">
      <Filter>Form Files</Filter>
    </QtUic>
    <QtUic Include="opensample.ui">
      <Filter>Form Files</Filter>
    </QtUic>
    <QtUic Include="majority.ui">
      <Filter>Form Files</Filter>
    </QtUic>
    <QtUic Include="progress.ui">
      <Filter>Form Files</Filter>
    </QtUic>
    <QtUic Include="buildPyramid.ui">
      <Filter>Form Files</Filter>
    </QtUic>
    <QtUic Include="Moravecui.ui">
      <Filter>Form Files</Filter>
    </QtUic>
    <QtUic Include="pipei.ui">
      <Filter>Form Files</Filter>
    </QtUic>
  </ItemGroup>
  <ItemGroup>
    <ClInclude Include="node.h">
      <Filter>Header Files</Filter>
    </ClInclude>
    <ClInclude Include="tree.h">
      <Filter>Header Files</Filter>
    </ClInclude>
    <ClInclude Include="x64\Release\uic\ui_Moravecui.h">
      <Filter>Header Files</Filter>
    </ClInclude>
  </ItemGroup>
</Project>